{
  "originHash" : "85544f1e79ff4aeaf5710f27eef8aeb4fb2ac8dfb1d7595b857571bf549cbb2c",
  "pins" : [
    {
      "identity" : "webrtc",
      "kind" : "remoteSourceControl",
      "location" : "https://github.com/jitsi/webrtc.git",
      "state" : {
        "revision" : "3a659cecd97387a0cf079be34f82f3bb24a03e13",
        "version" : "124.0.2"
      }
    }
  ],
  "version" : 3
}
